{
  "version": "5",
  "specifiers": {
    "jsr:@std/fs@1": "1.0.19",
    "jsr:@std/internal@^1.0.10": "1.0.12",
    "jsr:@std/internal@^1.0.9": "1.0.12",
    "jsr:@std/path@^1.1.1": "1.1.2",
    "npm:playwright@^1.48.0": "1.56.0"
  },
  "jsr": {
    "@std/fs@1.0.19": {
      "integrity": "051968c2b1eae4d2ea9f79a08a3845740ef6af10356aff43d3e2ef11ed09fb06",
      "dependencies": [
        "jsr:@std/internal@^1.0.9",
        "jsr:@std/path"
      ]
    },
    "@std/internal@1.0.12": {
      "integrity": "972a634fd5bc34b242024402972cd5143eac68d8dffaca5eaa4dba30ce17b027"
    },
    "@std/path@1.1.2": {
      "integrity": "c0b13b97dfe06546d5e16bf3966b1cadf92e1cc83e56ba5476ad8b498d9e3038",
      "dependencies": [
        "jsr:@std/internal@^1.0.10"
      ]
    }
  },
  "npm": {
    "fsevents@2.3.2": {
      "integrity": "sha512-xiqMQR4xAeHTuB9uWm+fFRcIOgKBMiOBP+eXiyT7jsgVCq1bkVygt00oASowB7EdtpOHaaPgKt812P9ab+DDKA==",
      "os": ["darwin"],
      "scripts": true
    },
    "playwright-core@1.56.0": {
      "integrity": "sha512-1SXl7pMfemAMSDn5rkPeZljxOCYAmQnYLBTExuh6E8USHXGSX3dx6lYZN/xPpTz1vimXmPA9CDnILvmJaB8aSQ==",
      "bin": true
    },
    "playwright@1.56.0": {
      "integrity": "sha512-X5Q1b8lOdWIE4KAoHpW3SE8HvUB+ZZsUoN64ZhjnN8dOb1UpujxBtENGiZFE+9F/yhzJwYa+ca3u43FeLbboHA==",
      "dependencies": [
        "playwright-core"
      ],
      "optionalDependencies": [
        "fsevents"
      ],
      "bin": true
    }
  },
  "workspace": {
    "dependencies": [
      "jsr:@std/fs@1",
      "jsr:@std/path@1",
      "npm:playwright@^1.48.0"
    ]
  }
}
